dependencies:
- name: jupyterhub
  repository: https://jupyterhub.github.io/helm-chart
  version: 4.4.0
- name: jupyterhub-home-nfs
  repository: oci://ghcr.io/2i2c-org/jupyterhub-home-nfs
  version: 1.2.0
digest: sha256:4b20d0accfb5ff4ed703764dbde633079d4f80b77879d775c0c96747c85b7663
generated: "2026-06-17T10:26:21.942668-07:00"
